
Microsoft Visual Studio Solution File, Format Version 12.00
# Visual Studio Version 17
VisualStudioVersion = 17.14.36121.58
MinimumVisualStudioVersion = 10.0.40219.1
Project("{FAE04EC0-301F-11D3-BF4B-00C04F79EFBC}") = "SpotifyCleaner", "SpotifyCleaner\SpotifyCleaner.csproj", "{13AB5F2A-3FDB-4FA5-BF29-99EBDA60DA6D}"
EndProject
Global
	GlobalSection(SolutionConfigurationPlatforms) = preSolution
		Debug|Any CPU = Debug|Any CPU
		Release|Any CPU = Release|Any CPU
	EndGlobalSection
	GlobalSection(ProjectConfigurationPlatforms) = postSolution
		{13AB5F2A-3FDB-4FA5-BF29-99EBDA60DA6D}.Debug|Any CPU.ActiveCfg = Debug|Any CPU
		{13AB5F2A-3FDB-4FA5-BF29-99EBDA60DA6D}.Debug|Any CPU.Build.0 = Debug|Any CPU
		{13AB5F2A-3FDB-4FA5-BF29-99EBDA60DA6D}.Release|Any CPU.ActiveCfg = Release|Any CPU
		{13AB5F2A-3FDB-4FA5-BF29-99EBDA60DA6D}.Release|Any CPU.Build.0 = Release|Any CPU
	EndGlobalSection
	GlobalSection(SolutionProperties) = preSolution
		HideSolutionNode = FALSE
	EndGlobalSection
	GlobalSection(ExtensibilityGlobals) = postSolution
		SolutionGuid = {CBDF95D5-4516-4953-831E-DC16C22053D6}
	EndGlobalSection
EndGlobal
